// !$*UTF8*$!
{
	archiveVersion = 1;
	classes = {
	};
	objectVersion = 46;
	objects = {

/* Begin PBXBuildFile section */
		6C1F51CA1B2FC95500F9300B /* AppDelegate.swift in Sources */ = {isa = PBXBuildFile; fileRef = 6C1F51C91B2FC95500F9300B /* AppDelegate.swift */; };
		6C1F51CC1B2FC95500F9300B /* ViewController.swift in Sources */ = {isa = PBXBuildFile; fileRef = 6C1F51CB1B2FC95500F9300B /* ViewController.swift */; };
		6C1F51CF1B2FC95500F9300B /* Main.storyboard in Resources */ = {isa = PBXBuildFile; fileRef = 6C1F51CD1B2FC95500F9300B /* Main.storyboard */; };
		6C1F51D11B2FC95500F9300B /* Images.xcassets in Resources */ = {isa = PBXBuildFile; fileRef = 6C1F51D01B2FC95500F9300B /* Images.xcassets */; };
		6C1F51D41B2FC95500F9300B /* LaunchScreen.xib in Resources */ = {isa = PBXBuildFile; fileRef = 6C1F51D21B2FC95500F9300B /* LaunchScreen.xib */; };
		6C1F51E01B2FC95500F9300B /* LoveFinderTests.swift in Sources */ = {isa = PBXBuildFile; fileRef = 6C1F51DF1B2FC95500F9300B /* LoveFinderTests.swift */; };
/* End PBXBuildFile section */

/* Begin PBXContainerItemProxy section */
		6C1F51DA1B2FC95500F9300B /* PBXContainerItemProxy */ = {
			isa = PBXContainerItemProxy;
			containerPortal = 6C1F51BC1B2FC95500F9300B /* Project object */;
			proxyType = 1;
			remoteGlobalIDString = 6C1F51C31B2FC95500F9300B;
			remoteInfo = LoveFinder;
		};
/* End PBXContainerItemProxy section */

/* Begin PBXFileReference section */
		6C1F51C41B2FC95500F9300B /* LoveFinder.app */ = {isa = PBXFileReference; explicitFileType = wrapper.application; includeInIndex = 0; path = LoveFinder.app; sourceTree = BUILT_PRODUCTS_DIR; };
		6C1F51C81B2FC95500F9300B /* Info.plist */ = {isa = PBXFileReference; lastKnownFileType = text.plist.xml; path = Info.plist; sourceTree = "<group>"; };
		6C1F51C91B2FC95500F9300B /* AppDelegate.swift */ = {isa = PBXFileReference; lastKnownFileType = sourcecode.swift; path = AppDelegate.swift; sourceTree = "<group>"; };
		6C1F51CB1B2FC95500F9300B /* ViewController.swift */ = {isa = PBXFileReference; lastKnownFileType = sourcecode.swift; path = ViewController.swift; sourceTree = "<group>"; };
		6C1F51CE1B2FC95500F9300B /* Base */ = {isa = PBXFileReference; lastKnownFileType = file.storyboard; name = Base; path = Base.lproj/Main.storyboard; sourceTree = "<group>"; };
		6C1F51D01B2FC95500F9300B /* Images.xcassets */ = {isa = PBXFileReference; lastKnownFileType = folder.assetcatalog; path = Images.xcassets; sourceTree = "<group>"; };
		6C1F51D31B2FC95500F9300B /* Base */ = {isa = PBXFileReference; lastKnownFileType = file.xib; name = Base; path = Base.lproj/LaunchScreen.xib; sourceTree = "<group>"; };
		6C1F51D91B2FC95500F9300B /* LoveFinderTests.xctest */ = {isa = PBXFileReference; explicitFileType = wrapper.cfbundle; includeInIndex = 0; path = LoveFinderTests.xctest; sourceTree = BUILT_PRODUCTS_DIR; };
		6C1F51DE1B2FC95500F9300B /* Info.plist */ = {isa = PBXFileReference; lastKnownFileType = text.plist.xml; path = Info.plist; sourceTree = "<group>"; };
		6C1F51DF1B2FC95500F9300B /* LoveFinderTests.swift */ = {isa = PBXFileReference; lastKnownFileType = sourcecode.swift; path = LoveFinderTests.swift; sourceTree = "<group>"; };
/* End PBXFileReference section */

/* Begin PBXFrameworksBuildPhase section */
		6C1F51C11B2FC95500F9300B /* Frameworks */ = {
			isa = PBXFrameworksBuildPhase;
			buildActionMask = 2147483647;
			files = (
			);
			runOnlyForDeploymentPostprocessing = 0;
		};
		6C1F51D61B2FC95500F9300B /* Frameworks */ = {
			isa = PBXFrameworksBuildPhase;
			buildActionMask = 2147483647;
			files = (
			);
			runOnlyForDeploymentPostprocessing = 0;
		};
/* End PBXFrameworksBuildPhase section */

/* Begin PBXGroup section */
		6C1F51BB1B2FC95500F9300B = {
			isa = PBXGroup;
			children = (
				6C1F51C61B2FC95500F9300B /* LoveFinder */,
				6C1F51DC1B2FC95500F9300B /* LoveFinderTests */,
				6C1F51C51B2FC95500F9300B /* Products */,
			);
			sourceTree = "<group>";
		};
		6C1F51C51B2FC95500F9300B /* Products */ = {
			isa = PBXGroup;
			children = (
				6C1F51C41B2FC95500F9300B /* LoveFinder.app */,
				6C1F51D91B2FC95500F9300B /* LoveFinderTests.xctest */,
			);
			name = Products;
			sourceTree = "<group>";
		};
		6C1F51C61B2FC95500F9300B /* LoveFinder */ = {
			isa = PBXGroup;
			children = (
				6C1F51C91B2FC95500F9300B /* AppDelegate.swift */,
				6C1F51CB1B2FC95500F9300B /* ViewController.swift */,
				6C1F51CD1B2FC95500F9300B /* Main.storyboard */,
				6C1F51D01B2FC95500F9300B /* Images.xcassets */,
				6C1F51D21B2FC95500F9300B /* LaunchScreen.xib */,
				6C1F51C71B2FC95500F9300B /* Supporting Files */,
			);
			path = LoveFinder;
			sourceTree = "<group>";
		};
		6C1F51C71B2FC95500F9300B /* Supporting Files */ = {
			isa = PBXGroup;
			children = (
				6C1F51C81B2FC95500F9300B /* Info.plist */,
			);
			name = "Supporting Files";
			sourceTree = "<group>";
		};
		6C1F51DC1B2FC95500F9300B /* LoveFinderTests */ = {
			isa = PBXGroup;
			children = (
				6C1F51DF1B2FC95500F9300B /* LoveFinderTests.swift */,
				6C1F51DD1B2FC95500F9300B /* Supporting Files */,
			);
			path = LoveFinderTests;
			sourceTree = "<group>";
		};
		6C1F51DD1B2FC95500F9300B /* Supporting Files */ = {
			isa = PBXGroup;
			children = (
				6C1F51DE1B2FC95500F9300B /* Info.plist */,
			);
			name = "Supporting Files";
			sourceTree = "<group>";
		};
/* End PBXGroup section */

/* Begin PBXNativeTarget section */
		6C1F51C31B2FC95500F9300B /* LoveFinder */ = {
			isa = PBXNativeTarget;
			buildConfigurationList = 6C1F51E31B2FC95500F9300B /* Build configuration list for PBXNativeTarget "LoveFinder" */;
			buildPhases = (
				6C1F51C01B2FC95500F9300B /* Sources */,
				6C1F51C11B2FC95500F9300B /* Frameworks */,
				6C1F51C21B2FC95500F9300B /* Resources */,
			);
			buildRules = (
			);
			dependencies = (
			);
			name = LoveFinder;
			productName = LoveFinder;
			productReference = 6C1F51C41B2FC95500F9300B /* LoveFinder.app */;
			productType = "com.apple.product-type.application";
		};
		6C1F51D81B2FC95500F9300B /* LoveFinderTests */ = {
			isa = PBXNativeTarget;
			buildConfigurationList = 6C1F51E61B2FC95500F9300B /* Build configuration list for PBXNativeTarget "LoveFinderTests" */;
			buildPhases = (
				6C1F51D51B2FC95500F9300B /* Sources */,
				6C1F51D61B2FC95500F9300B /* Frameworks */,
				6C1F51D71B2FC95500F9300B /* Resources */,
			);
			buildRules = (
			);
			dependencies = (
				6C1F51DB1B2FC95500F9300B /* PBXTargetDependency */,
			);
			name = LoveFinderTests;
			productName = LoveFinderTests;
			productReference = 6C1F51D91B2FC95500F9300B /* LoveFinderTests.xctest */;
			productType = "com.apple.product-type.bundle.unit-test";
		};
/* End PBXNativeTarget section */

/* Begin PBXProject section */
		6C1F51BC1B2FC95500F9300B /* Project object */ = {
			isa = PBXProject;
			attributes = {
				LastUpgradeCheck = 0630;
				ORGANIZATIONNAME = silence;
				TargetAttributes = {
					6C1F51C31B2FC95500F9300B = {
						CreatedOnToolsVersion = 6.3.2;
					};
					6C1F51D81B2FC95500F9300B = {
						CreatedOnToolsVersion = 6.3.2;
						TestTargetID = 6C1F51C31B2FC95500F9300B;
					};
				};
			};
			buildConfigurationList = 6C1F51BF1B2FC95500F9300B /* Build configuration list for PBXProject "LoveFinder" */;
			compatibilityVersion = "Xcode 3.2";
			developmentRegion = English;
			hasScannedForEncodings = 0;
			knownRegions = (
				en,
				Base,
			);
			mainGroup = 6C1F51BB1B2FC95500F9300B;
			productRefGroup = 6C1F51C51B2FC95500F9300B /* Products */;
			projectDirPath = "";
			projectRoot = "";
			targets = (
				6C1F51C31B2FC95500F9300B /* LoveFinder */,
				6C1F51D81B2FC95500F9300B /* LoveFinderTests */,
			);
		};
/* End PBXProject section */

/* Begin PBXResourcesBuildPhase section */
		6C1F51C21B2FC95500F9300B /* Resources */ = {
			isa = PBXResourcesBuildPhase;
			buildActionMask = 2147483647;
			files = (
				6C1F51CF1B2FC95500F9300B /* Main.storyboard in Resources */,
				6C1F51D41B2FC95500F9300B /* LaunchScreen.xib in Resources */,
				6C1F51D11B2FC95500F9300B /* Images.xcassets in Resources */,
			);
			runOnlyForDeploymentPostprocessing = 0;
		};
		6C1F51D71B2FC95500F9300B /* Resources */ = {
			isa = PBXResourcesBuildPhase;
			buildActionMask = 2147483647;
			files = (
			);
			runOnlyForDeploymentPostprocessing = 0;
		};
/* End PBXResourcesBuildPhase section */

/* Begin PBXSourcesBuildPhase section */
		6C1F51C01B2FC95500F9300B /* Sources */ = {
			isa = PBXSourcesBuildPhase;
			buildActionMask = 2147483647;
			files = (
				6C1F51CC1B2FC95500F9300B /* ViewController.swift in Sources */,
				6C1F51CA1B2FC95500F9300B /* AppDelegate.swift in Sources */,
			);
			runOnlyForDeploymentPostprocessing = 0;
		};
		6C1F51D51B2FC95500F9300B /* Sources */ = {
			isa = PBXSourcesBuildPhase;
			buildActionMask = 2147483647;
			files = (
				6C1F51E01B2FC95500F9300B /* LoveFinderTests.swift in Sources */,
			);
			runOnlyForDeploymentPostprocessing = 0;
		};
/* End PBXSourcesBuildPhase section */

/* Begin PBXTargetDependency section */
		6C1F51DB1B2FC95500F9300B /* PBXTargetDependency */ = {
			isa = PBXTargetDependency;
			target = 6C1F51C31B2FC95500F9300B /* LoveFinder */;
			targetProxy = 6C1F51DA1B2FC95500F9300B /* PBXContainerItemProxy */;
		};
/* End PBXTargetDependency section */

/* Begin PBXVariantGroup section */
		6C1F51CD1B2FC95500F9300B /* Main.storyboard */ = {
			isa = PBXVariantGroup;
			children = (
				6C1F51CE1B2FC95500F9300B /* Base */,
			);
			name = Main.storyboard;
			sourceTree = "<group>";
		};
		6C1F51D21B2FC95500F9300B /* LaunchScreen.xib */ = {
			isa = PBXVariantGroup;
			children = (
				6C1F51D31B2FC95500F9300B /* Base */,
			);
			name = LaunchScreen.xib;
			sourceTree = "<group>";
		};
/* End PBXVariantGroup section */

/* Begin XCBuildConfiguration section */
		6C1F51E11B2FC95500F9300B /* Debug */ = {
			isa = XCBuildConfiguration;
			buildSettings = {
				ALWAYS_SEARCH_USER_PATHS = NO;
				CLANG_CXX_LANGUAGE_STANDARD = "gnu++0x";
				CLANG_CXX_LIBRARY = "libc++";
				CLANG_ENABLE_MODULES = YES;
				CLANG_ENABLE_OBJC_ARC = YES;
				CLANG_WARN_BOOL_CONVERSION = YES;
				CLANG_WARN_CONSTANT_CONVERSION = YES;
				CLANG_WARN_DIRECT_OBJC_ISA_USAGE = YES_ERROR;
				CLANG_WARN_EMPTY_BODY = YES;
				CLANG_WARN_ENUM_CONVERSION = YES;
				CLANG_WARN_INT_CONVERSION = YES;
				CLANG_WARN_OBJC_ROOT_CLASS = YES_ERROR;
				CLANG_WARN_UNREACHABLE_CODE = YES;
				CLANG_WARN__DUPLICATE_METHOD_MATCH = YES;
				"CODE_SIGN_IDENTITY[sdk=iphoneos*]" = "iPhone Developer";
				COPY_PHASE_STRIP = NO;
				DEBUG_INFORMATION_FORMAT = "dwarf-with-dsym";
				ENABLE_STRICT_OBJC_MSGSEND = YES;
				GCC_C_LANGUAGE_STANDARD = gnu99;
				GCC_DYNAMIC_NO_PIC = NO;
				GCC_NO_COMMON_BLOCKS = YES;
				GCC_OPTIMIZATION_LEVEL = 0;
				GCC_PREPROCESSOR_DEFINITIONS = (
					"DEBUG=1",
					"$(inherited)",
				);
				GCC_SYMBOLS_PRIVATE_EXTERN = NO;
				GCC_WARN_64_TO_32_BIT_CONVERSION = YES;
				GCC_WARN_ABOUT_RETURN_TYPE = YES_ERROR;
				GCC_WARN_UNDECLARED_SELECTOR = YES;
				GCC_WARN_UNINITIALIZED_AUTOS = YES_AGGRESSIVE;
				GCC_WARN_UNUSED_FUNCTION = YES;
				GCC_WARN_UNUSED_VARIABLE = YES;
				IPHONEOS_DEPLOYMENT_TARGET = 8.3;
				MTL_ENABLE_DEBUG_INFO = YES;
				ONLY_ACTIVE_ARCH = YES;
				SDKROOT = iphoneos;
				SWIFT_OPTIMIZATION_LEVEL = "-Onone";
			};
			name = Debug;
		};
		6C1F51E21B2FC95500F9300B /* Release */ = {
			isa = XCBuildConfiguration;
			buildSettings = {
				ALWAYS_SEARCH_USER_PATHS = NO;
				CLANG_CXX_LANGUAGE_STANDARD = "gnu++0x";
				CLANG_CXX_LIBRARY = "libc++";
				CLANG_ENABLE_MODULES = YES;
				CLANG_ENABLE_OBJC_ARC = YES;
				CLANG_WARN_BOOL_CONVERSION = YES;
				CLANG_WARN_CONSTANT_CONVERSION = YES;
				CLANG_WARN_DIRECT_OBJC_ISA_USAGE = YES_ERROR;
				CLANG_WARN_EMPTY_BODY = YES;
				CLANG_WARN_ENUM_CONVERSION = YES;
				CLANG_WARN_INT_CONVERSION = YES;
				CLANG_WARN_OBJC_ROOT_CLASS = YES_ERROR;
				CLANG_WARN_UNREACHABLE_CODE = YES;
				CLANG_WARN__DUPLICATE_METHOD_MATCH = YES;
				"CODE_SIGN_IDENTITY[sdk=iphoneos*]" = "iPhone Developer";
				COPY_PHASE_STRIP = NO;
				DEBUG_INFORMATION_FORMAT = "dwarf-with-dsym";
				ENABLE_NS_ASSERTIONS = NO;
				ENABLE_STRICT_OBJC_MSGSEND = YES;
				GCC_C_LANGUAGE_STANDARD = gnu99;
				GCC_NO_COMMON_BLOCKS = YES;
				GCC_WARN_64_TO_32_BIT_CONVERSION = YES;
				GCC_WARN_ABOUT_RETURN_TYPE = YES_ERROR;
				GCC_WARN_UNDECLARED_SELECTOR = YES;
				GCC_WARN_UNINITIALIZED_AUTOS = YES_AGGRESSIVE;
				GCC_WARN_UNUSED_FUNCTION = YES;
				GCC_WARN_UNUSED_VARIABLE = YES;
				IPHONEOS_DEPLOYMENT_TARGET = 8.3;
				MTL_ENABLE_DEBUG_INFO = NO;
				SDKROOT = iphoneos;
				VALIDATE_PRODUCT = YES;
			};
			name = Release;
		};
		6C1F51E41B2FC95500F9300B /* Debug */ = {
			isa = XCBuildConfiguration;
			buildSettings = {
				ASSETCATALOG_COMPILER_APPICON_NAME = AppIcon;
				INFOPLIST_FILE = LoveFinder/Info.plist;
				LD_RUNPATH_SEARCH_PATHS = "$(inherited) @executable_path/Frameworks";
				PRODUCT_NAME = "$(TARGET_NAME)";
			};
			name = Debug;
		};
		6C1F51E51B2FC95500F9300B /* Release */ = {
			isa = XCBuildConfiguration;
			buildSettings = {
				ASSETCATALOG_COMPILER_APPICON_NAME = AppIcon;
				INFOPLIST_FILE = LoveFinder/Info.plist;
				LD_RUNPATH_SEARCH_PATHS = "$(inherited) @executable_path/Frameworks";
				PRODUCT_NAME = "$(TARGET_NAME)";
			};
			name = Release;
		};
		6C1F51E71B2FC95500F9300B /* Debug */ = {
			isa = XCBuildConfiguration;
			buildSettings = {
				BUNDLE_LOADER = "$(TEST_HOST)";
				FRAMEWORK_SEARCH_PATHS = (
					"$(SDKROOT)/Developer/Library/Frameworks",
					"$(inherited)",
				);
				GCC_PREPROCESSOR_DEFINITIONS = (
					"DEBUG=1",
					"$(inherited)",
				);
				INFOPLIST_FILE = LoveFinderTests/Info.plist;
				LD_RUNPATH_SEARCH_PATHS = "$(inherited) @executable_path/Frameworks @loader_path/Frameworks";
				PRODUCT_NAME = "$(TARGET_NAME)";
				TEST_HOST = "$(BUILT_PRODUCTS_DIR)/LoveFinder.app/LoveFinder";
			};
			name = Debug;
		};
		6C1F51E81B2FC95500F9300B /* Release */ = {
			isa = XCBuildConfiguration;
			buildSettings = {
				BUNDLE_LOADER = "$(TEST_HOST)";
				FRAMEWORK_SEARCH_PATHS = (
					"$(SDKROOT)/Developer/Library/Frameworks",
					"$(inherited)",
				);
				INFOPLIST_FILE = LoveFinderTests/Info.plist;
				LD_RUNPATH_SEARCH_PATHS = "$(inherited) @executable_path/Frameworks @loader_path/Frameworks";
				PRODUCT_NAME = "$(TARGET_NAME)";
				TEST_HOST = "$(BUILT_PRODUCTS_DIR)/LoveFinder.app/LoveFinder";
			};
			name = Release;
		};
/* End XCBuildConfiguration section */

/* Begin XCConfigurationList section */
		6C1F51BF1B2FC95500F9300B /* Build configuration list for PBXProject "LoveFinder" */ = {
			isa = XCConfigurationList;
			buildConfigurations = (
				6C1F51E11B2FC95500F9300B /* Debug */,
				6C1F51E21B2FC95500F9300B /* Release */,
			);
			defaultConfigurationIsVisible = 0;
			defaultConfigurationName = Release;
		};
		6C1F51E31B2FC95500F9300B /* Build configuration list for PBXNativeTarget "LoveFinder" */ = {
			isa = XCConfigurationList;
			buildConfigurations = (
				6C1F51E41B2FC95500F9300B /* Debug */,
				6C1F51E51B2FC95500F9300B /* Release */,
			);
			defaultConfigurationIsVisible = 0;
		};
		6C1F51E61B2FC95500F9300B /* Build configuration list for PBXNativeTarget "LoveFinderTests" */ = {
			isa = XCConfigurationList;
			buildConfigurations = (
				6C1F51E71B2FC95500F9300B /* Debug */,
				6C1F51E81B2FC95500F9300B /* Release */,
			);
			defaultConfigurationIsVisible = 0;
		};
/* End XCConfigurationList section */
	};
	rootObject = 6C1F51BC1B2FC95500F9300B /* Project object */;
}
