// !$*UTF8*$!
{
	archiveVersion = 1;
	classes = {
	};
	objectVersion = 46;
	objects = {

/* Begin PBXBuildFile section */
		6C1F51F81B301BDC00F9300B /* AppDelegate.swift in Sources */ = {isa = PBXBuildFile; fileRef = 6C1F51F71B301BDC00F9300B /* AppDelegate.swift */; };
		6C1F51FA1B301BDC00F9300B /* ViewController.swift in Sources */ = {isa = PBXBuildFile; fileRef = 6C1F51F91B301BDC00F9300B /* ViewController.swift */; };
		6C1F51FD1B301BDC00F9300B /* Main.storyboard in Resources */ = {isa = PBXBuildFile; fileRef = 6C1F51FB1B301BDC00F9300B /* Main.storyboard */; };
		6C1F51FF1B301BDC00F9300B /* Images.xcassets in Resources */ = {isa = PBXBuildFile; fileRef = 6C1F51FE1B301BDC00F9300B /* Images.xcassets */; };
		6C1F52021B301BDC00F9300B /* LaunchScreen.xib in Resources */ = {isa = PBXBuildFile; fileRef = 6C1F52001B301BDC00F9300B /* LaunchScreen.xib */; };
		6C1F520E1B301BDC00F9300B /* BeautyGalleryTests.swift in Sources */ = {isa = PBXBuildFile; fileRef = 6C1F520D1B301BDC00F9300B /* BeautyGalleryTests.swift */; };
		6C1F52181B30379800F9300B /* ViewControllerExtension.swift in Sources */ = {isa = PBXBuildFile; fileRef = 6C1F52171B30379800F9300B /* ViewControllerExtension.swift */; };
		6C1F521A1B303B3E00F9300B /* GalleryViewController.swift in Sources */ = {isa = PBXBuildFile; fileRef = 6C1F52191B303B3E00F9300B /* GalleryViewController.swift */; };
/* End PBXBuildFile section */

/* Begin PBXContainerItemProxy section */
		6C1F52081B301BDC00F9300B /* PBXContainerItemProxy */ = {
			isa = PBXContainerItemProxy;
			containerPortal = 6C1F51EA1B301BDC00F9300B /* Project object */;
			proxyType = 1;
			remoteGlobalIDString = 6C1F51F11B301BDC00F9300B;
			remoteInfo = BeautyGallery;
		};
/* End PBXContainerItemProxy section */

/* Begin PBXFileReference section */
		6C1F51F21B301BDC00F9300B /* BeautyGallery.app */ = {isa = PBXFileReference; explicitFileType = wrapper.application; includeInIndex = 0; path = BeautyGallery.app; sourceTree = BUILT_PRODUCTS_DIR; };
		6C1F51F61B301BDC00F9300B /* Info.plist */ = {isa = PBXFileReference; lastKnownFileType = text.plist.xml; path = Info.plist; sourceTree = "<group>"; };
		6C1F51F71B301BDC00F9300B /* AppDelegate.swift */ = {isa = PBXFileReference; lastKnownFileType = sourcecode.swift; path = AppDelegate.swift; sourceTree = "<group>"; };
		6C1F51F91B301BDC00F9300B /* ViewController.swift */ = {isa = PBXFileReference; lastKnownFileType = sourcecode.swift; path = ViewController.swift; sourceTree = "<group>"; };
		6C1F51FC1B301BDC00F9300B /* Base */ = {isa = PBXFileReference; lastKnownFileType = file.storyboard; name = Base; path = Base.lproj/Main.storyboard; sourceTree = "<group>"; };
		6C1F51FE1B301BDC00F9300B /* Images.xcassets */ = {isa = PBXFileReference; lastKnownFileType = folder.assetcatalog; path = Images.xcassets; sourceTree = "<group>"; };
		6C1F52011B301BDC00F9300B /* Base */ = {isa = PBXFileReference; lastKnownFileType = file.xib; name = Base; path = Base.lproj/LaunchScreen.xib; sourceTree = "<group>"; };
		6C1F52071B301BDC00F9300B /* BeautyGalleryTests.xctest */ = {isa = PBXFileReference; explicitFileType = wrapper.cfbundle; includeInIndex = 0; path = BeautyGalleryTests.xctest; sourceTree = BUILT_PRODUCTS_DIR; };
		6C1F520C1B301BDC00F9300B /* Info.plist */ = {isa = PBXFileReference; lastKnownFileType = text.plist.xml; path = Info.plist; sourceTree = "<group>"; };
		6C1F520D1B301BDC00F9300B /* BeautyGalleryTests.swift */ = {isa = PBXFileReference; lastKnownFileType = sourcecode.swift; path = BeautyGalleryTests.swift; sourceTree = "<group>"; };
		6C1F52171B30379800F9300B /* ViewControllerExtension.swift */ = {isa = PBXFileReference; fileEncoding = 4; lastKnownFileType = sourcecode.swift; path = ViewControllerExtension.swift; sourceTree = "<group>"; };
		6C1F52191B303B3E00F9300B /* GalleryViewController.swift */ = {isa = PBXFileReference; fileEncoding = 4; lastKnownFileType = sourcecode.swift; path = GalleryViewController.swift; sourceTree = "<group>"; };
/* End PBXFileReference section */

/* Begin PBXFrameworksBuildPhase section */
		6C1F51EF1B301BDC00F9300B /* Frameworks */ = {
			isa = PBXFrameworksBuildPhase;
			buildActionMask = 2147483647;
			files = (
			);
			runOnlyForDeploymentPostprocessing = 0;
		};
		6C1F52041B301BDC00F9300B /* Frameworks */ = {
			isa = PBXFrameworksBuildPhase;
			buildActionMask = 2147483647;
			files = (
			);
			runOnlyForDeploymentPostprocessing = 0;
		};
/* End PBXFrameworksBuildPhase section */

/* Begin PBXGroup section */
		6C1F51E91B301BDC00F9300B = {
			isa = PBXGroup;
			children = (
				6C1F51F41B301BDC00F9300B /* BeautyGallery */,
				6C1F520A1B301BDC00F9300B /* BeautyGalleryTests */,
				6C1F51F31B301BDC00F9300B /* Products */,
			);
			sourceTree = "<group>";
		};
		6C1F51F31B301BDC00F9300B /* Products */ = {
			isa = PBXGroup;
			children = (
				6C1F51F21B301BDC00F9300B /* BeautyGallery.app */,
				6C1F52071B301BDC00F9300B /* BeautyGalleryTests.xctest */,
			);
			name = Products;
			sourceTree = "<group>";
		};
		6C1F51F41B301BDC00F9300B /* BeautyGallery */ = {
			isa = PBXGroup;
			children = (
				6C1F51F71B301BDC00F9300B /* AppDelegate.swift */,
				6C1F51F91B301BDC00F9300B /* ViewController.swift */,
				6C1F52171B30379800F9300B /* ViewControllerExtension.swift */,
				6C1F52191B303B3E00F9300B /* GalleryViewController.swift */,
				6C1F51FB1B301BDC00F9300B /* Main.storyboard */,
				6C1F51FE1B301BDC00F9300B /* Images.xcassets */,
				6C1F52001B301BDC00F9300B /* LaunchScreen.xib */,
				6C1F51F51B301BDC00F9300B /* Supporting Files */,
			);
			path = BeautyGallery;
			sourceTree = "<group>";
		};
		6C1F51F51B301BDC00F9300B /* Supporting Files */ = {
			isa = PBXGroup;
			children = (
				6C1F51F61B301BDC00F9300B /* Info.plist */,
			);
			name = "Supporting Files";
			sourceTree = "<group>";
		};
		6C1F520A1B301BDC00F9300B /* BeautyGalleryTests */ = {
			isa = PBXGroup;
			children = (
				6C1F520D1B301BDC00F9300B /* BeautyGalleryTests.swift */,
				6C1F520B1B301BDC00F9300B /* Supporting Files */,
			);
			path = BeautyGalleryTests;
			sourceTree = "<group>";
		};
		6C1F520B1B301BDC00F9300B /* Supporting Files */ = {
			isa = PBXGroup;
			children = (
				6C1F520C1B301BDC00F9300B /* Info.plist */,
			);
			name = "Supporting Files";
			sourceTree = "<group>";
		};
/* End PBXGroup section */

/* Begin PBXNativeTarget section */
		6C1F51F11B301BDC00F9300B /* BeautyGallery */ = {
			isa = PBXNativeTarget;
			buildConfigurationList = 6C1F52111B301BDC00F9300B /* Build configuration list for PBXNativeTarget "BeautyGallery" */;
			buildPhases = (
				6C1F51EE1B301BDC00F9300B /* Sources */,
				6C1F51EF1B301BDC00F9300B /* Frameworks */,
				6C1F51F01B301BDC00F9300B /* Resources */,
			);
			buildRules = (
			);
			dependencies = (
			);
			name = BeautyGallery;
			productName = BeautyGallery;
			productReference = 6C1F51F21B301BDC00F9300B /* BeautyGallery.app */;
			productType = "com.apple.product-type.application";
		};
		6C1F52061B301BDC00F9300B /* BeautyGalleryTests */ = {
			isa = PBXNativeTarget;
			buildConfigurationList = 6C1F52141B301BDC00F9300B /* Build configuration list for PBXNativeTarget "BeautyGalleryTests" */;
			buildPhases = (
				6C1F52031B301BDC00F9300B /* Sources */,
				6C1F52041B301BDC00F9300B /* Frameworks */,
				6C1F52051B301BDC00F9300B /* Resources */,
			);
			buildRules = (
			);
			dependencies = (
				6C1F52091B301BDC00F9300B /* PBXTargetDependency */,
			);
			name = BeautyGalleryTests;
			productName = BeautyGalleryTests;
			productReference = 6C1F52071B301BDC00F9300B /* BeautyGalleryTests.xctest */;
			productType = "com.apple.product-type.bundle.unit-test";
		};
/* End PBXNativeTarget section */

/* Begin PBXProject section */
		6C1F51EA1B301BDC00F9300B /* Project object */ = {
			isa = PBXProject;
			attributes = {
				LastUpgradeCheck = 0630;
				ORGANIZATIONNAME = silence;
				TargetAttributes = {
					6C1F51F11B301BDC00F9300B = {
						CreatedOnToolsVersion = 6.3.2;
					};
					6C1F52061B301BDC00F9300B = {
						CreatedOnToolsVersion = 6.3.2;
						TestTargetID = 6C1F51F11B301BDC00F9300B;
					};
				};
			};
			buildConfigurationList = 6C1F51ED1B301BDC00F9300B /* Build configuration list for PBXProject "BeautyGallery" */;
			compatibilityVersion = "Xcode 3.2";
			developmentRegion = English;
			hasScannedForEncodings = 0;
			knownRegions = (
				en,
				Base,
			);
			mainGroup = 6C1F51E91B301BDC00F9300B;
			productRefGroup = 6C1F51F31B301BDC00F9300B /* Products */;
			projectDirPath = "";
			projectRoot = "";
			targets = (
				6C1F51F11B301BDC00F9300B /* BeautyGallery */,
				6C1F52061B301BDC00F9300B /* BeautyGalleryTests */,
			);
		};
/* End PBXProject section */

/* Begin PBXResourcesBuildPhase section */
		6C1F51F01B301BDC00F9300B /* Resources */ = {
			isa = PBXResourcesBuildPhase;
			buildActionMask = 2147483647;
			files = (
				6C1F51FD1B301BDC00F9300B /* Main.storyboard in Resources */,
				6C1F52021B301BDC00F9300B /* LaunchScreen.xib in Resources */,
				6C1F51FF1B301BDC00F9300B /* Images.xcassets in Resources */,
			);
			runOnlyForDeploymentPostprocessing = 0;
		};
		6C1F52051B301BDC00F9300B /* Resources */ = {
			isa = PBXResourcesBuildPhase;
			buildActionMask = 2147483647;
			files = (
			);
			runOnlyForDeploymentPostprocessing = 0;
		};
/* End PBXResourcesBuildPhase section */

/* Begin PBXSourcesBuildPhase section */
		6C1F51EE1B301BDC00F9300B /* Sources */ = {
			isa = PBXSourcesBuildPhase;
			buildActionMask = 2147483647;
			files = (
				6C1F51FA1B301BDC00F9300B /* ViewController.swift in Sources */,
				6C1F521A1B303B3E00F9300B /* GalleryViewController.swift in Sources */,
				6C1F51F81B301BDC00F9300B /* AppDelegate.swift in Sources */,
				6C1F52181B30379800F9300B /* ViewControllerExtension.swift in Sources */,
			);
			runOnlyForDeploymentPostprocessing = 0;
		};
		6C1F52031B301BDC00F9300B /* Sources */ = {
			isa = PBXSourcesBuildPhase;
			buildActionMask = 2147483647;
			files = (
				6C1F520E1B301BDC00F9300B /* BeautyGalleryTests.swift in Sources */,
			);
			runOnlyForDeploymentPostprocessing = 0;
		};
/* End PBXSourcesBuildPhase section */

/* Begin PBXTargetDependency section */
		6C1F52091B301BDC00F9300B /* PBXTargetDependency */ = {
			isa = PBXTargetDependency;
			target = 6C1F51F11B301BDC00F9300B /* BeautyGallery */;
			targetProxy = 6C1F52081B301BDC00F9300B /* PBXContainerItemProxy */;
		};
/* End PBXTargetDependency section */

/* Begin PBXVariantGroup section */
		6C1F51FB1B301BDC00F9300B /* Main.storyboard */ = {
			isa = PBXVariantGroup;
			children = (
				6C1F51FC1B301BDC00F9300B /* Base */,
			);
			name = Main.storyboard;
			sourceTree = "<group>";
		};
		6C1F52001B301BDC00F9300B /* LaunchScreen.xib */ = {
			isa = PBXVariantGroup;
			children = (
				6C1F52011B301BDC00F9300B /* Base */,
			);
			name = LaunchScreen.xib;
			sourceTree = "<group>";
		};
/* End PBXVariantGroup section */

/* Begin XCBuildConfiguration section */
		6C1F520F1B301BDC00F9300B /* Debug */ = {
			isa = XCBuildConfiguration;
			buildSettings = {
				ALWAYS_SEARCH_USER_PATHS = NO;
				CLANG_CXX_LANGUAGE_STANDARD = "gnu++0x";
				CLANG_CXX_LIBRARY = "libc++";
				CLANG_ENABLE_MODULES = YES;
				CLANG_ENABLE_OBJC_ARC = YES;
				CLANG_WARN_BOOL_CONVERSION = YES;
				CLANG_WARN_CONSTANT_CONVERSION = YES;
				CLANG_WARN_DIRECT_OBJC_ISA_USAGE = YES_ERROR;
				CLANG_WARN_EMPTY_BODY = YES;
				CLANG_WARN_ENUM_CONVERSION = YES;
				CLANG_WARN_INT_CONVERSION = YES;
				CLANG_WARN_OBJC_ROOT_CLASS = YES_ERROR;
				CLANG_WARN_UNREACHABLE_CODE = YES;
				CLANG_WARN__DUPLICATE_METHOD_MATCH = YES;
				"CODE_SIGN_IDENTITY[sdk=iphoneos*]" = "iPhone Developer";
				COPY_PHASE_STRIP = NO;
				DEBUG_INFORMATION_FORMAT = "dwarf-with-dsym";
				ENABLE_STRICT_OBJC_MSGSEND = YES;
				GCC_C_LANGUAGE_STANDARD = gnu99;
				GCC_DYNAMIC_NO_PIC = NO;
				GCC_NO_COMMON_BLOCKS = YES;
				GCC_OPTIMIZATION_LEVEL = 0;
				GCC_PREPROCESSOR_DEFINITIONS = (
					"DEBUG=1",
					"$(inherited)",
				);
				GCC_SYMBOLS_PRIVATE_EXTERN = NO;
				GCC_WARN_64_TO_32_BIT_CONVERSION = YES;
				GCC_WARN_ABOUT_RETURN_TYPE = YES_ERROR;
				GCC_WARN_UNDECLARED_SELECTOR = YES;
				GCC_WARN_UNINITIALIZED_AUTOS = YES_AGGRESSIVE;
				GCC_WARN_UNUSED_FUNCTION = YES;
				GCC_WARN_UNUSED_VARIABLE = YES;
				IPHONEOS_DEPLOYMENT_TARGET = 8.3;
				MTL_ENABLE_DEBUG_INFO = YES;
				ONLY_ACTIVE_ARCH = YES;
				SDKROOT = iphoneos;
				SWIFT_OPTIMIZATION_LEVEL = "-Onone";
			};
			name = Debug;
		};
		6C1F52101B301BDC00F9300B /* Release */ = {
			isa = XCBuildConfiguration;
			buildSettings = {
				ALWAYS_SEARCH_USER_PATHS = NO;
				CLANG_CXX_LANGUAGE_STANDARD = "gnu++0x";
				CLANG_CXX_LIBRARY = "libc++";
				CLANG_ENABLE_MODULES = YES;
				CLANG_ENABLE_OBJC_ARC = YES;
				CLANG_WARN_BOOL_CONVERSION = YES;
				CLANG_WARN_CONSTANT_CONVERSION = YES;
				CLANG_WARN_DIRECT_OBJC_ISA_USAGE = YES_ERROR;
				CLANG_WARN_EMPTY_BODY = YES;
				CLANG_WARN_ENUM_CONVERSION = YES;
				CLANG_WARN_INT_CONVERSION = YES;
				CLANG_WARN_OBJC_ROOT_CLASS = YES_ERROR;
				CLANG_WARN_UNREACHABLE_CODE = YES;
				CLANG_WARN__DUPLICATE_METHOD_MATCH = YES;
				"CODE_SIGN_IDENTITY[sdk=iphoneos*]" = "iPhone Developer";
				COPY_PHASE_STRIP = NO;
				DEBUG_INFORMATION_FORMAT = "dwarf-with-dsym";
				ENABLE_NS_ASSERTIONS = NO;
				ENABLE_STRICT_OBJC_MSGSEND = YES;
				GCC_C_LANGUAGE_STANDARD = gnu99;
				GCC_NO_COMMON_BLOCKS = YES;
				GCC_WARN_64_TO_32_BIT_CONVERSION = YES;
				GCC_WARN_ABOUT_RETURN_TYPE = YES_ERROR;
				GCC_WARN_UNDECLARED_SELECTOR = YES;
				GCC_WARN_UNINITIALIZED_AUTOS = YES_AGGRESSIVE;
				GCC_WARN_UNUSED_FUNCTION = YES;
				GCC_WARN_UNUSED_VARIABLE = YES;
				IPHONEOS_DEPLOYMENT_TARGET = 8.3;
				MTL_ENABLE_DEBUG_INFO = NO;
				SDKROOT = iphoneos;
				VALIDATE_PRODUCT = YES;
			};
			name = Release;
		};
		6C1F52121B301BDC00F9300B /* Debug */ = {
			isa = XCBuildConfiguration;
			buildSettings = {
				ASSETCATALOG_COMPILER_APPICON_NAME = AppIcon;
				INFOPLIST_FILE = BeautyGallery/Info.plist;
				LD_RUNPATH_SEARCH_PATHS = "$(inherited) @executable_path/Frameworks";
				PRODUCT_NAME = "$(TARGET_NAME)";
			};
			name = Debug;
		};
		6C1F52131B301BDC00F9300B /* Release */ = {
			isa = XCBuildConfiguration;
			buildSettings = {
				ASSETCATALOG_COMPILER_APPICON_NAME = AppIcon;
				INFOPLIST_FILE = BeautyGallery/Info.plist;
				LD_RUNPATH_SEARCH_PATHS = "$(inherited) @executable_path/Frameworks";
				PRODUCT_NAME = "$(TARGET_NAME)";
			};
			name = Release;
		};
		6C1F52151B301BDC00F9300B /* Debug */ = {
			isa = XCBuildConfiguration;
			buildSettings = {
				BUNDLE_LOADER = "$(TEST_HOST)";
				FRAMEWORK_SEARCH_PATHS = (
					"$(SDKROOT)/Developer/Library/Frameworks",
					"$(inherited)",
				);
				GCC_PREPROCESSOR_DEFINITIONS = (
					"DEBUG=1",
					"$(inherited)",
				);
				INFOPLIST_FILE = BeautyGalleryTests/Info.plist;
				LD_RUNPATH_SEARCH_PATHS = "$(inherited) @executable_path/Frameworks @loader_path/Frameworks";
				PRODUCT_NAME = "$(TARGET_NAME)";
				TEST_HOST = "$(BUILT_PRODUCTS_DIR)/BeautyGallery.app/BeautyGallery";
			};
			name = Debug;
		};
		6C1F52161B301BDC00F9300B /* Release */ = {
			isa = XCBuildConfiguration;
			buildSettings = {
				BUNDLE_LOADER = "$(TEST_HOST)";
				FRAMEWORK_SEARCH_PATHS = (
					"$(SDKROOT)/Developer/Library/Frameworks",
					"$(inherited)",
				);
				INFOPLIST_FILE = BeautyGalleryTests/Info.plist;
				LD_RUNPATH_SEARCH_PATHS = "$(inherited) @executable_path/Frameworks @loader_path/Frameworks";
				PRODUCT_NAME = "$(TARGET_NAME)";
				TEST_HOST = "$(BUILT_PRODUCTS_DIR)/BeautyGallery.app/BeautyGallery";
			};
			name = Release;
		};
/* End XCBuildConfiguration section */

/* Begin XCConfigurationList section */
		6C1F51ED1B301BDC00F9300B /* Build configuration list for PBXProject "BeautyGallery" */ = {
			isa = XCConfigurationList;
			buildConfigurations = (
				6C1F520F1B301BDC00F9300B /* Debug */,
				6C1F52101B301BDC00F9300B /* Release */,
			);
			defaultConfigurationIsVisible = 0;
			defaultConfigurationName = Release;
		};
		6C1F52111B301BDC00F9300B /* Build configuration list for PBXNativeTarget "BeautyGallery" */ = {
			isa = XCConfigurationList;
			buildConfigurations = (
				6C1F52121B301BDC00F9300B /* Debug */,
				6C1F52131B301BDC00F9300B /* Release */,
			);
			defaultConfigurationIsVisible = 0;
		};
		6C1F52141B301BDC00F9300B /* Build configuration list for PBXNativeTarget "BeautyGalleryTests" */ = {
			isa = XCConfigurationList;
			buildConfigurations = (
				6C1F52151B301BDC00F9300B /* Debug */,
				6C1F52161B301BDC00F9300B /* Release */,
			);
			defaultConfigurationIsVisible = 0;
		};
/* End XCConfigurationList section */
	};
	rootObject = 6C1F51EA1B301BDC00F9300B /* Project object */;
}
